
Microsoft Visual Studio Solution File, Format Version 12.00
# Visual Studio Version 17
VisualStudioVersion = 17.6.33829.357
MinimumVisualStudioVersion = 10.0.40219.1
Project("{FAE04EC0-301F-11D3-BF4B-00C04F79EFBC}") = "Competition Task-ProjectMars", "Competition Task-ProjectMars\Competition Task-ProjectMars.csproj", "{ACAD253E-29B2-486D-A6D5-F046E281C70A}"
EndProject
Global
	GlobalSection(SolutionConfigurationPlatforms) = preSolution
		Debug|Any CPU = Debug|Any CPU
		Release|Any CPU = Release|Any CPU
	EndGlobalSection
	GlobalSection(ProjectConfigurationPlatforms) = postSolution
		{ACAD253E-29B2-486D-A6D5-F046E281C70A}.Debug|Any CPU.ActiveCfg = Debug|Any CPU
		{ACAD253E-29B2-486D-A6D5-F046E281C70A}.Debug|Any CPU.Build.0 = Debug|Any CPU
		{ACAD253E-29B2-486D-A6D5-F046E281C70A}.Release|Any CPU.ActiveCfg = Release|Any CPU
		{ACAD253E-29B2-486D-A6D5-F046E281C70A}.Release|Any CPU.Build.0 = Release|Any CPU
	EndGlobalSection
	GlobalSection(SolutionProperties) = preSolution
		HideSolutionNode = FALSE
	EndGlobalSection
	GlobalSection(ExtensibilityGlobals) = postSolution
		SolutionGuid = {9D5393ED-656F-4549-A301-A116A804D2C7}
	EndGlobalSection
EndGlobal
